
Microsoft Visual Studio Solution File, Format Version 12.00
# Visual Studio Version 17
VisualStudioVersion = 17.13.35806.99 d17.13
MinimumVisualStudioVersion = 10.0.40219.1
Project("{FAE04EC0-301F-11D3-BF4B-00C04F79EFBC}") = "WpfApp1", "WpfApp1.csproj", "{59B6EE9B-92E1-4032-979E-F3170DB6C3E2}"
EndProject
Global
	GlobalSection(SolutionConfigurationPlatforms) = preSolution
		Debug|Any CPU = Debug|Any CPU
		Release|Any CPU = Release|Any CPU
	EndGlobalSection
	GlobalSection(ProjectConfigurationPlatforms) = postSolution
		{59B6EE9B-92E1-4032-979E-F3170DB6C3E2}.Debug|Any CPU.ActiveCfg = Debug|Any CPU
		{59B6EE9B-92E1-4032-979E-F3170DB6C3E2}.Debug|Any CPU.Build.0 = Debug|Any CPU
		{59B6EE9B-92E1-4032-979E-F3170DB6C3E2}.Release|Any CPU.ActiveCfg = Release|Any CPU
		{59B6EE9B-92E1-4032-979E-F3170DB6C3E2}.Release|Any CPU.Build.0 = Release|Any CPU
	EndGlobalSection
	GlobalSection(SolutionProperties) = preSolution
		HideSolutionNode = FALSE
	EndGlobalSection
	GlobalSection(ExtensibilityGlobals) = postSolution
		SolutionGuid = {E2ED09E8-B808-4437-913C-6F4D53C4388E}
	EndGlobalSection
EndGlobal
